
Microsoft Visual Studio Solution File, Format Version 12.00
# Visual Studio Version 17
VisualStudioVersion = 17.9.34728.123
MinimumVisualStudioVersion = 10.0.40219.1
Project("{9A19103F-16F7-4668-BE54-9A1E7A4F7556}") = "LandGuard.Domain", "src\LandGuard.Domain\LandGuard.Domain.csproj", "{A1B2C3D4-0001-4E5F-8A9B-1234567890AB}"
EndProject
Project("{9A19103F-16F7-4668-BE54-9A1E7A4F7556}") = "LandGuard.Application", "src\LandGuard.Application\LandGuard.Application.csproj", "{A1B2C3D4-0002-4E5F-8A9B-1234567890AB}"
EndProject
Project("{9A19103F-16F7-4668-BE54-9A1E7A4F7556}") = "LandGuard.Infrastructure", "src\LandGuard.Infrastructure\LandGuard.Infrastructure.csproj", "{A1B2C3D4-0003-4E5F-8A9B-1234567890AB}"
EndProject
Project("{9A19103F-16F7-4668-BE54-9A1E7A4F7556}") = "LandGuard.API", "src\LandGuard.API\LandGuard.API.csproj", "{A1B2C3D4-0004-4E5F-8A9B-1234567890AB}"
EndProject
Global
	GlobalSection(SolutionConfigurationPlatforms) = preSolution
		Debug|Any CPU = Debug|Any CPU
		Release|Any CPU = Release|Any CPU
	EndGlobalSection
	GlobalSection(ProjectConfigurationPlatforms) = postSolution
		{A1B2C3D4-0001-4E5F-8A9B-1234567890AB}.Debug|Any CPU.ActiveCfg = Debug|Any CPU
		{A1B2C3D4-0001-4E5F-8A9B-1234567890AB}.Debug|Any CPU.Build.0 = Debug|Any CPU
		{A1B2C3D4-0001-4E5F-8A9B-1234567890AB}.Release|Any CPU.ActiveCfg = Release|Any CPU
		{A1B2C3D4-0001-4E5F-8A9B-1234567890AB}.Release|Any CPU.Build.0 = Release|Any CPU
		{A1B2C3D4-0002-4E5F-8A9B-1234567890AB}.Debug|Any CPU.ActiveCfg = Debug|Any CPU
		{A1B2C3D4-0002-4E5F-8A9B-1234567890AB}.Debug|Any CPU.Build.0 = Debug|Any CPU
		{A1B2C3D4-0002-4E5F-8A9B-1234567890AB}.Release|Any CPU.ActiveCfg = Release|Any CPU
		{A1B2C3D4-0002-4E5F-8A9B-1234567890AB}.Release|Any CPU.Build.0 = Release|Any CPU
		{A1B2C3D4-0003-4E5F-8A9B-1234567890AB}.Debug|Any CPU.ActiveCfg = Debug|Any CPU
		{A1B2C3D4-0003-4E5F-8A9B-1234567890AB}.Debug|Any CPU.Build.0 = Debug|Any CPU
		{A1B2C3D4-0003-4E5F-8A9B-1234567890AB}.Release|Any CPU.ActiveCfg = Release|Any CPU
		{A1B2C3D4-0003-4E5F-8A9B-1234567890AB}.Release|Any CPU.Build.0 = Release|Any CPU
		{A1B2C3D4-0004-4E5F-8A9B-1234567890AB}.Debug|Any CPU.ActiveCfg = Debug|Any CPU
		{A1B2C3D4-0004-4E5F-8A9B-1234567890AB}.Debug|Any CPU.Build.0 = Debug|Any CPU
		{A1B2C3D4-0004-4E5F-8A9B-1234567890AB}.Release|Any CPU.ActiveCfg = Release|Any CPU
		{A1B2C3D4-0004-4E5F-8A9B-1234567890AB}.Release|Any CPU.Build.0 = Release|Any CPU
	EndGlobalSection
	GlobalSection(SolutionProperties) = preSolution
		HideSolutionNode = FALSE
	EndGlobalSection
EndGlobal
